
Microsoft Visual Studio Solution File, Format Version 12.00
# Visual Studio 15
VisualStudioVersion = 15.0.28010.2048
MinimumVisualStudioVersion = 10.0.40219.1
Project("{9A19103F-16F7-4668-BE54-9A1E7A4F7556}") = "SuperFancyYacht0911", "SuperFancyYacht0911\SuperFancyYacht0911.csproj", "{838A87E7-C8B7-44DA-87A7-C3B30841ADE3}"
EndProject
Project("{9A19103F-16F7-4668-BE54-9A1E7A4F7556}") = "MyLibrary", "MyLibrary\MyLibrary.csproj", "{F71CB9E1-1C4E-4192-A6F0-23C31E2196ED}"
EndProject
Project("{9A19103F-16F7-4668-BE54-9A1E7A4F7556}") = "SuperAwesome.Inherit", "SuperAwesome.Inherit\SuperAwesome.Inherit.csproj", "{8CF8D117-FD3B-41F3-AA14-60E6F6F10005}"
EndProject
Project("{9A19103F-16F7-4668-BE54-9A1E7A4F7556}") = "SuperAwesome.Day4", "SuperAwesome.Day4\SuperAwesome.Day4.csproj", "{41386109-4350-4DEE-AC0F-A115153519C1}"
EndProject
Project("{9A19103F-16F7-4668-BE54-9A1E7A4F7556}") = "SuperFancyGenerics", "SuperFancyGenerics\SuperFancyGenerics.csproj", "{08AACEE5-C0AF-47C3-9A6E-1CC2F2DDD8F7}"
EndProject
Project("{9A19103F-16F7-4668-BE54-9A1E7A4F7556}") = "SuperFancy.Debugging", "SuperFancy.Debugging\SuperFancy.Debugging.csproj", "{9B4E160E-D047-466C-B9A2-16F62CC22E2D}"
EndProject
Project("{FAE04EC0-301F-11D3-BF4B-00C04F79EFBC}") = "SuperFancy.Debugging.Desktop", "SuperFancy.Debugging.Desktop\SuperFancy.Debugging.Desktop.csproj", "{D0DDCA66-9592-425D-A4FD-E12C64F8FDAC}"
EndProject
Project("{9A19103F-16F7-4668-BE54-9A1E7A4F7556}") = "SuperFancyReflection", "SuperFancyReflection\SuperFancyReflection.csproj", "{792C6FE5-42D1-4DCE-903B-35EE50599C77}"
EndProject
Project("{9A19103F-16F7-4668-BE54-9A1E7A4F7556}") = "SuperAwesome.Web", "SuperAwesome.Web\SuperAwesome.Web.csproj", "{20F4DD78-A982-4A20-9A83-AA886EDA5370}"
EndProject
Project("{9A19103F-16F7-4668-BE54-9A1E7A4F7556}") = "SuperAwesome.Api", "SuperAwesome.Api\SuperAwesome.Api.csproj", "{106560B9-9D28-4536-A3A6-56FD5B85411B}"
EndProject
Project("{2150E333-8FDC-42A3-9474-1A3956D46DE8}") = "_SolutionFiles", "_SolutionFiles", "{1CB47488-CF0B-46EC-9E6B-C2F3C32CC194}"
	ProjectSection(SolutionItems) = preProject
		.editorconfig = .editorconfig
	EndProjectSection
EndProject
Project("{FAE04EC0-301F-11D3-BF4B-00C04F79EFBC}") = "ConsoleApp1", "ConsoleApp1\ConsoleApp1.csproj", "{3E068A7F-A26A-4DA6-ABA5-B5E03508E990}"
EndProject
Global
	GlobalSection(SolutionConfigurationPlatforms) = preSolution
		Debug|Any CPU = Debug|Any CPU
		Release|Any CPU = Release|Any CPU
	EndGlobalSection
	GlobalSection(ProjectConfigurationPlatforms) = postSolution
		{838A87E7-C8B7-44DA-87A7-C3B30841ADE3}.Debug|Any CPU.ActiveCfg = Debug|Any CPU
		{838A87E7-C8B7-44DA-87A7-C3B30841ADE3}.Debug|Any CPU.Build.0 = Debug|Any CPU
		{838A87E7-C8B7-44DA-87A7-C3B30841ADE3}.Release|Any CPU.ActiveCfg = Release|Any CPU
		{838A87E7-C8B7-44DA-87A7-C3B30841ADE3}.Release|Any CPU.Build.0 = Release|Any CPU
		{F71CB9E1-1C4E-4192-A6F0-23C31E2196ED}.Debug|Any CPU.ActiveCfg = Debug|Any CPU
		{F71CB9E1-1C4E-4192-A6F0-23C31E2196ED}.Debug|Any CPU.Build.0 = Debug|Any CPU
		{F71CB9E1-1C4E-4192-A6F0-23C31E2196ED}.Release|Any CPU.ActiveCfg = Release|Any CPU
		{F71CB9E1-1C4E-4192-A6F0-23C31E2196ED}.Release|Any CPU.Build.0 = Release|Any CPU
		{8CF8D117-FD3B-41F3-AA14-60E6F6F10005}.Debug|Any CPU.ActiveCfg = Debug|Any CPU
		{8CF8D117-FD3B-41F3-AA14-60E6F6F10005}.Debug|Any CPU.Build.0 = Debug|Any CPU
		{8CF8D117-FD3B-41F3-AA14-60E6F6F10005}.Release|Any CPU.ActiveCfg = Release|Any CPU
		{8CF8D117-FD3B-41F3-AA14-60E6F6F10005}.Release|Any CPU.Build.0 = Release|Any CPU
		{41386109-4350-4DEE-AC0F-A115153519C1}.Debug|Any CPU.ActiveCfg = Debug|Any CPU
		{41386109-4350-4DEE-AC0F-A115153519C1}.Debug|Any CPU.Build.0 = Debug|Any CPU
		{41386109-4350-4DEE-AC0F-A115153519C1}.Release|Any CPU.ActiveCfg = Release|Any CPU
		{41386109-4350-4DEE-AC0F-A115153519C1}.Release|Any CPU.Build.0 = Release|Any CPU
		{08AACEE5-C0AF-47C3-9A6E-1CC2F2DDD8F7}.Debug|Any CPU.ActiveCfg = Debug|Any CPU
		{08AACEE5-C0AF-47C3-9A6E-1CC2F2DDD8F7}.Debug|Any CPU.Build.0 = Debug|Any CPU
		{08AACEE5-C0AF-47C3-9A6E-1CC2F2DDD8F7}.Release|Any CPU.ActiveCfg = Release|Any CPU
		{08AACEE5-C0AF-47C3-9A6E-1CC2F2DDD8F7}.Release|Any CPU.Build.0 = Release|Any CPU
		{9B4E160E-D047-466C-B9A2-16F62CC22E2D}.Debug|Any CPU.ActiveCfg = Debug|Any CPU
		{9B4E160E-D047-466C-B9A2-16F62CC22E2D}.Debug|Any CPU.Build.0 = Debug|Any CPU
		{9B4E160E-D047-466C-B9A2-16F62CC22E2D}.Release|Any CPU.ActiveCfg = Release|Any CPU
		{9B4E160E-D047-466C-B9A2-16F62CC22E2D}.Release|Any CPU.Build.0 = Release|Any CPU
		{D0DDCA66-9592-425D-A4FD-E12C64F8FDAC}.Debug|Any CPU.ActiveCfg = Debug|Any CPU
		{D0DDCA66-9592-425D-A4FD-E12C64F8FDAC}.Debug|Any CPU.Build.0 = Debug|Any CPU
		{D0DDCA66-9592-425D-A4FD-E12C64F8FDAC}.Release|Any CPU.ActiveCfg = Release|Any CPU
		{D0DDCA66-9592-425D-A4FD-E12C64F8FDAC}.Release|Any CPU.Build.0 = Release|Any CPU
		{792C6FE5-42D1-4DCE-903B-35EE50599C77}.Debug|Any CPU.ActiveCfg = Debug|Any CPU
		{792C6FE5-42D1-4DCE-903B-35EE50599C77}.Debug|Any CPU.Build.0 = Debug|Any CPU
		{792C6FE5-42D1-4DCE-903B-35EE50599C77}.Release|Any CPU.ActiveCfg = Release|Any CPU
		{792C6FE5-42D1-4DCE-903B-35EE50599C77}.Release|Any CPU.Build.0 = Release|Any CPU
		{20F4DD78-A982-4A20-9A83-AA886EDA5370}.Debug|Any CPU.ActiveCfg = Debug|Any CPU
		{20F4DD78-A982-4A20-9A83-AA886EDA5370}.Debug|Any CPU.Build.0 = Debug|Any CPU
		{20F4DD78-A982-4A20-9A83-AA886EDA5370}.Release|Any CPU.ActiveCfg = Release|Any CPU
		{20F4DD78-A982-4A20-9A83-AA886EDA5370}.Release|Any CPU.Build.0 = Release|Any CPU
		{106560B9-9D28-4536-A3A6-56FD5B85411B}.Debug|Any CPU.ActiveCfg = Debug|Any CPU
		{106560B9-9D28-4536-A3A6-56FD5B85411B}.Debug|Any CPU.Build.0 = Debug|Any CPU
		{106560B9-9D28-4536-A3A6-56FD5B85411B}.Release|Any CPU.ActiveCfg = Release|Any CPU
		{106560B9-9D28-4536-A3A6-56FD5B85411B}.Release|Any CPU.Build.0 = Release|Any CPU
		{3E068A7F-A26A-4DA6-ABA5-B5E03508E990}.Debug|Any CPU.ActiveCfg = Debug|Any CPU
		{3E068A7F-A26A-4DA6-ABA5-B5E03508E990}.Debug|Any CPU.Build.0 = Debug|Any CPU
		{3E068A7F-A26A-4DA6-ABA5-B5E03508E990}.Release|Any CPU.ActiveCfg = Release|Any CPU
		{3E068A7F-A26A-4DA6-ABA5-B5E03508E990}.Release|Any CPU.Build.0 = Release|Any CPU
	EndGlobalSection
	GlobalSection(SolutionProperties) = preSolution
		HideSolutionNode = FALSE
	EndGlobalSection
	GlobalSection(ExtensibilityGlobals) = postSolution
		SolutionGuid = {B7BA6482-BADF-4C7D-8151-B891F1717D8A}
	EndGlobalSection
EndGlobal
