
Microsoft Visual Studio Solution File, Format Version 12.00
# Visual Studio 15
VisualStudioVersion = 15.0.28010.2048
MinimumVisualStudioVersion = 10.0.40219.1
Project("{9A19103F-16F7-4668-BE54-9A1E7A4F7556}") = "SuperFancyYacht0911", "SuperFancyYacht0911\SuperFancyYacht0911.csproj", "{838A87E7-C8B7-44DA-87A7-C3B30841ADE3}"
EndProject
Project("{9A19103F-16F7-4668-BE54-9A1E7A4F7556}") = "MyLibrary", "MyLibrary\MyLibrary.csproj", "{F71CB9E1-1C4E-4192-A6F0-23C31E2196ED}"
EndProject
Project("{FAE04EC0-301F-11D3-BF4B-00C04F79EFBC}") = "SuperAwesome.Inherit", "SuperAwesome.Inherit\SuperAwesome.Inherit.csproj", "{8CF8D117-FD3B-41F3-AA14-60E6F6F10005}"
EndProject
Global
	GlobalSection(SolutionConfigurationPlatforms) = preSolution
		Debug|Any CPU = Debug|Any CPU
		Release|Any CPU = Release|Any CPU
	EndGlobalSection
	GlobalSection(ProjectConfigurationPlatforms) = postSolution
		{838A87E7-C8B7-44DA-87A7-C3B30841ADE3}.Debug|Any CPU.ActiveCfg = Debug|Any CPU
		{838A87E7-C8B7-44DA-87A7-C3B30841ADE3}.Debug|Any CPU.Build.0 = Debug|Any CPU
		{838A87E7-C8B7-44DA-87A7-C3B30841ADE3}.Release|Any CPU.ActiveCfg = Release|Any CPU
		{838A87E7-C8B7-44DA-87A7-C3B30841ADE3}.Release|Any CPU.Build.0 = Release|Any CPU
		{F71CB9E1-1C4E-4192-A6F0-23C31E2196ED}.Debug|Any CPU.ActiveCfg = Debug|Any CPU
		{F71CB9E1-1C4E-4192-A6F0-23C31E2196ED}.Debug|Any CPU.Build.0 = Debug|Any CPU
		{F71CB9E1-1C4E-4192-A6F0-23C31E2196ED}.Release|Any CPU.ActiveCfg = Release|Any CPU
		{F71CB9E1-1C4E-4192-A6F0-23C31E2196ED}.Release|Any CPU.Build.0 = Release|Any CPU
		{8CF8D117-FD3B-41F3-AA14-60E6F6F10005}.Debug|Any CPU.ActiveCfg = Debug|Any CPU
		{8CF8D117-FD3B-41F3-AA14-60E6F6F10005}.Debug|Any CPU.Build.0 = Debug|Any CPU
		{8CF8D117-FD3B-41F3-AA14-60E6F6F10005}.Release|Any CPU.ActiveCfg = Release|Any CPU
		{8CF8D117-FD3B-41F3-AA14-60E6F6F10005}.Release|Any CPU.Build.0 = Release|Any CPU
	EndGlobalSection
	GlobalSection(SolutionProperties) = preSolution
		HideSolutionNode = FALSE
	EndGlobalSection
	GlobalSection(ExtensibilityGlobals) = postSolution
		SolutionGuid = {B7BA6482-BADF-4C7D-8151-B891F1717D8A}
	EndGlobalSection
EndGlobal
