
Microsoft Visual Studio Solution File, Format Version 12.00
# Visual Studio 15
VisualStudioVersion = 15.0.28010.2048
MinimumVisualStudioVersion = 10.0.40219.1
Project("{FAE04EC0-301F-11D3-BF4B-00C04F79EFBC}") = "SuperFancyYacht0911", "SuperFancyYacht0911\SuperFancyYacht0911.csproj", "{838A87E7-C8B7-44DA-87A7-C3B30841ADE3}"
EndProject
Global
	GlobalSection(SolutionConfigurationPlatforms) = preSolution
		Debug|Any CPU = Debug|Any CPU
		Release|Any CPU = Release|Any CPU
	EndGlobalSection
	GlobalSection(ProjectConfigurationPlatforms) = postSolution
		{838A87E7-C8B7-44DA-87A7-C3B30841ADE3}.Debug|Any CPU.ActiveCfg = Debug|Any CPU
		{838A87E7-C8B7-44DA-87A7-C3B30841ADE3}.Debug|Any CPU.Build.0 = Debug|Any CPU
		{838A87E7-C8B7-44DA-87A7-C3B30841ADE3}.Release|Any CPU.ActiveCfg = Release|Any CPU
		{838A87E7-C8B7-44DA-87A7-C3B30841ADE3}.Release|Any CPU.Build.0 = Release|Any CPU
	EndGlobalSection
	GlobalSection(SolutionProperties) = preSolution
		HideSolutionNode = FALSE
	EndGlobalSection
	GlobalSection(ExtensibilityGlobals) = postSolution
		SolutionGuid = {B7BA6482-BADF-4C7D-8151-B891F1717D8A}
	EndGlobalSection
EndGlobal
